// !$*UTF8*$!
{
	archiveVersion = 1;
	classes = {
	};
	objectVersion = 46;
	objects = {

/* Begin PBXBuildFile section */
		2C695FC71D1F5E150033277D /* searchResults.swift in Sources */ = {isa = PBXBuildFile; fileRef = 2C695FC61D1F5E150033277D /* searchResults.swift */; };
		2C9F75FD1D1C848D00BB1CF1 /* AppDelegate.swift in Sources */ = {isa = PBXBuildFile; fileRef = 2C9F75FC1D1C848D00BB1CF1 /* AppDelegate.swift */; };
		2C9F75FF1D1C848D00BB1CF1 /* ViewController.swift in Sources */ = {isa = PBXBuildFile; fileRef = 2C9F75FE1D1C848D00BB1CF1 /* ViewController.swift */; };
		2C9F76021D1C848D00BB1CF1 /* Main.storyboard in Resources */ = {isa = PBXBuildFile; fileRef = 2C9F76001D1C848D00BB1CF1 /* Main.storyboard */; };
		2C9F76041D1C848D00BB1CF1 /* Assets.xcassets in Resources */ = {isa = PBXBuildFile; fileRef = 2C9F76031D1C848D00BB1CF1 /* Assets.xcassets */; };
		2C9F76071D1C848D00BB1CF1 /* LaunchScreen.storyboard in Resources */ = {isa = PBXBuildFile; fileRef = 2C9F76051D1C848D00BB1CF1 /* LaunchScreen.storyboard */; };
		2C9F760F1D1C84D400BB1CF1 /* GoogleService-Info.plist in Resources */ = {isa = PBXBuildFile; fileRef = 2C9F760E1D1C84D400BB1CF1 /* GoogleService-Info.plist */; };
		2CC728391D1DD41A00496C3D /* LoginViewController.swift in Sources */ = {isa = PBXBuildFile; fileRef = 2CC728381D1DD41A00496C3D /* LoginViewController.swift */; };
		2CC7283B1D1DD43100496C3D /* ChatViewController.swift in Sources */ = {isa = PBXBuildFile; fileRef = 2CC7283A1D1DD43100496C3D /* ChatViewController.swift */; };
		2CC7283D1D1E1F1800496C3D /* CoreLocation.framework in Frameworks */ = {isa = PBXBuildFile; fileRef = 2CC7283C1D1E1F1800496C3D /* CoreLocation.framework */; };
		2CC7283F1D1E1F1F00496C3D /* MapKit.framework in Frameworks */ = {isa = PBXBuildFile; fileRef = 2CC7283E1D1E1F1F00496C3D /* MapKit.framework */; };
		2CC728431D1E3D5100496C3D /* LocationViewController.swift in Sources */ = {isa = PBXBuildFile; fileRef = 2CC728421D1E3D5100496C3D /* LocationViewController.swift */; };
		E45906A939AC121E6B31CADC /* Pods_Lopp.framework in Frameworks */ = {isa = PBXBuildFile; fileRef = D5CBE2CAC9B64BB13A9BB895 /* Pods_Lopp.framework */; };
/* End PBXBuildFile section */

/* Begin PBXFileReference section */
		2C695FC61D1F5E150033277D /* searchResults.swift */ = {isa = PBXFileReference; fileEncoding = 4; lastKnownFileType = sourcecode.swift; path = searchResults.swift; sourceTree = "<group>"; };
		2C9F75F91D1C848C00BB1CF1 /* Lopp.app */ = {isa = PBXFileReference; explicitFileType = wrapper.application; includeInIndex = 0; path = Lopp.app; sourceTree = BUILT_PRODUCTS_DIR; };
		2C9F75FC1D1C848D00BB1CF1 /* AppDelegate.swift */ = {isa = PBXFileReference; lastKnownFileType = sourcecode.swift; path = AppDelegate.swift; sourceTree = "<group>"; };
		2C9F75FE1D1C848D00BB1CF1 /* ViewController.swift */ = {isa = PBXFileReference; lastKnownFileType = sourcecode.swift; path = ViewController.swift; sourceTree = "<group>"; };
		2C9F76011D1C848D00BB1CF1 /* Base */ = {isa = PBXFileReference; lastKnownFileType = file.storyboard; name = Base; path = Base.lproj/Main.storyboard; sourceTree = "<group>"; };
		2C9F76031D1C848D00BB1CF1 /* Assets.xcassets */ = {isa = PBXFileReference; lastKnownFileType = folder.assetcatalog; path = Assets.xcassets; sourceTree = "<group>"; };
		2C9F76061D1C848D00BB1CF1 /* Base */ = {isa = PBXFileReference; lastKnownFileType = file.storyboard; name = Base; path = Base.lproj/LaunchScreen.storyboard; sourceTree = "<group>"; };
		2C9F76081D1C848D00BB1CF1 /* Info.plist */ = {isa = PBXFileReference; lastKnownFileType = text.plist.xml; path = Info.plist; sourceTree = "<group>"; };
		2C9F760E1D1C84D400BB1CF1 /* GoogleService-Info.plist */ = {isa = PBXFileReference; fileEncoding = 4; lastKnownFileType = text.plist.xml; path = "GoogleService-Info.plist"; sourceTree = "<group>"; };
		2CC728381D1DD41A00496C3D /* LoginViewController.swift */ = {isa = PBXFileReference; fileEncoding = 4; lastKnownFileType = sourcecode.swift; path = LoginViewController.swift; sourceTree = "<group>"; };
		2CC7283A1D1DD43100496C3D /* ChatViewController.swift */ = {isa = PBXFileReference; fileEncoding = 4; lastKnownFileType = sourcecode.swift; path = ChatViewController.swift; sourceTree = "<group>"; };
		2CC7283C1D1E1F1800496C3D /* CoreLocation.framework */ = {isa = PBXFileReference; lastKnownFileType = wrapper.framework; name = CoreLocation.framework; path = System/Library/Frameworks/CoreLocation.framework; sourceTree = SDKROOT; };
		2CC7283E1D1E1F1F00496C3D /* MapKit.framework */ = {isa = PBXFileReference; lastKnownFileType = wrapper.framework; name = MapKit.framework; path = System/Library/Frameworks/MapKit.framework; sourceTree = SDKROOT; };
		2CC728421D1E3D5100496C3D /* LocationViewController.swift */ = {isa = PBXFileReference; fileEncoding = 4; lastKnownFileType = sourcecode.swift; path = LocationViewController.swift; sourceTree = "<group>"; };
		807874ACECF3FFFFCCB3DA20 /* Pods-Lopp.debug.xcconfig */ = {isa = PBXFileReference; includeInIndex = 1; lastKnownFileType = text.xcconfig; name = "Pods-Lopp.debug.xcconfig"; path = "Pods/Target Support Files/Pods-Lopp/Pods-Lopp.debug.xcconfig"; sourceTree = "<group>"; };
		D5CBE2CAC9B64BB13A9BB895 /* Pods_Lopp.framework */ = {isa = PBXFileReference; explicitFileType = wrapper.framework; includeInIndex = 0; path = Pods_Lopp.framework; sourceTree = BUILT_PRODUCTS_DIR; };
		ED1833AB411FDCF842ECEFD5 /* Pods-Lopp.release.xcconfig */ = {isa = PBXFileReference; includeInIndex = 1; lastKnownFileType = text.xcconfig; name = "Pods-Lopp.release.xcconfig"; path = "Pods/Target Support Files/Pods-Lopp/Pods-Lopp.release.xcconfig"; sourceTree = "<group>"; };
/* End PBXFileReference section */

/* Begin PBXFrameworksBuildPhase section */
		2C9F75F61D1C848C00BB1CF1 /* Frameworks */ = {
			isa = PBXFrameworksBuildPhase;
			buildActionMask = 2147483647;
			files = (
				2CC7283F1D1E1F1F00496C3D /* MapKit.framework in Frameworks */,
				2CC7283D1D1E1F1800496C3D /* CoreLocation.framework in Frameworks */,
				E45906A939AC121E6B31CADC /* Pods_Lopp.framework in Frameworks */,
			);
			runOnlyForDeploymentPostprocessing = 0;
		};
/* End PBXFrameworksBuildPhase section */

/* Begin PBXGroup section */
		2C9F75F01D1C848C00BB1CF1 = {
			isa = PBXGroup;
			children = (
				2C9F75FB1D1C848D00BB1CF1 /* Lopp */,
				2C9F75FA1D1C848C00BB1CF1 /* Products */,
				95C154AB695A41B3CB4869A2 /* Pods */,
				5FC2839F85B78EB15FC0FBAC /* Frameworks */,
			);
			sourceTree = "<group>";
		};
		2C9F75FA1D1C848C00BB1CF1 /* Products */ = {
			isa = PBXGroup;
			children = (
				2C9F75F91D1C848C00BB1CF1 /* Lopp.app */,
			);
			name = Products;
			sourceTree = "<group>";
		};
		2C9F75FB1D1C848D00BB1CF1 /* Lopp */ = {
			isa = PBXGroup;
			children = (
				2C9F75FC1D1C848D00BB1CF1 /* AppDelegate.swift */,
				2CC728421D1E3D5100496C3D /* LocationViewController.swift */,
				2C9F760E1D1C84D400BB1CF1 /* GoogleService-Info.plist */,
				2C9F75FE1D1C848D00BB1CF1 /* ViewController.swift */,
				2C9F76001D1C848D00BB1CF1 /* Main.storyboard */,
				2CC728381D1DD41A00496C3D /* LoginViewController.swift */,
				2CC7283A1D1DD43100496C3D /* ChatViewController.swift */,
				2C9F76031D1C848D00BB1CF1 /* Assets.xcassets */,
				2C695FC61D1F5E150033277D /* searchResults.swift */,
				2C9F76051D1C848D00BB1CF1 /* LaunchScreen.storyboard */,
				2C9F76081D1C848D00BB1CF1 /* Info.plist */,
			);
			path = Lopp;
			sourceTree = "<group>";
		};
		5FC2839F85B78EB15FC0FBAC /* Frameworks */ = {
			isa = PBXGroup;
			children = (
				2CC7283E1D1E1F1F00496C3D /* MapKit.framework */,
				2CC7283C1D1E1F1800496C3D /* CoreLocation.framework */,
				D5CBE2CAC9B64BB13A9BB895 /* Pods_Lopp.framework */,
			);
			name = Frameworks;
			sourceTree = "<group>";
		};
		95C154AB695A41B3CB4869A2 /* Pods */ = {
			isa = PBXGroup;
			children = (
				807874ACECF3FFFFCCB3DA20 /* Pods-Lopp.debug.xcconfig */,
				ED1833AB411FDCF842ECEFD5 /* Pods-Lopp.release.xcconfig */,
			);
			name = Pods;
			sourceTree = "<group>";
		};
/* End PBXGroup section */

/* Begin PBXNativeTarget section */
		2C9F75F81D1C848C00BB1CF1 /* Lopp */ = {
			isa = PBXNativeTarget;
			buildConfigurationList = 2C9F760B1D1C848D00BB1CF1 /* Build configuration list for PBXNativeTarget "Lopp" */;
			buildPhases = (
				390D42314EE3D237CFE6C72D /* [CP] Check Pods Manifest.lock */,
				2C9F75F51D1C848C00BB1CF1 /* Sources */,
				2C9F75F61D1C848C00BB1CF1 /* Frameworks */,
				2C9F75F71D1C848C00BB1CF1 /* Resources */,
				D8A83B2C1D1DDC52BC90B9E0 /* [CP] Embed Pods Frameworks */,
				8C00381CDD1428D9B9B68270 /* [CP] Copy Pods Resources */,
			);
			buildRules = (
			);
			dependencies = (
			);
			name = Lopp;
			productName = Lopp;
			productReference = 2C9F75F91D1C848C00BB1CF1 /* Lopp.app */;
			productType = "com.apple.product-type.application";
		};
/* End PBXNativeTarget section */

/* Begin PBXProject section */
		2C9F75F11D1C848C00BB1CF1 /* Project object */ = {
			isa = PBXProject;
			attributes = {
				LastSwiftUpdateCheck = 0730;
				LastUpgradeCheck = 0730;
				ORGANIZATIONNAME = MTU;
				TargetAttributes = {
					2C9F75F81D1C848C00BB1CF1 = {
						CreatedOnToolsVersion = 7.3.1;
						DevelopmentTeam = 4LPDSVH865;
					};
				};
			};
			buildConfigurationList = 2C9F75F41D1C848C00BB1CF1 /* Build configuration list for PBXProject "Lopp" */;
			compatibilityVersion = "Xcode 3.2";
			developmentRegion = English;
			hasScannedForEncodings = 0;
			knownRegions = (
				en,
				Base,
			);
			mainGroup = 2C9F75F01D1C848C00BB1CF1;
			productRefGroup = 2C9F75FA1D1C848C00BB1CF1 /* Products */;
			projectDirPath = "";
			projectRoot = "";
			targets = (
				2C9F75F81D1C848C00BB1CF1 /* Lopp */,
			);
		};
/* End PBXProject section */

/* Begin PBXResourcesBuildPhase section */
		2C9F75F71D1C848C00BB1CF1 /* Resources */ = {
			isa = PBXResourcesBuildPhase;
			buildActionMask = 2147483647;
			files = (
				2C9F76071D1C848D00BB1CF1 /* LaunchScreen.storyboard in Resources */,
				2C9F760F1D1C84D400BB1CF1 /* GoogleService-Info.plist in Resources */,
				2C9F76041D1C848D00BB1CF1 /* Assets.xcassets in Resources */,
				2C9F76021D1C848D00BB1CF1 /* Main.storyboard in Resources */,
			);
			runOnlyForDeploymentPostprocessing = 0;
		};
/* End PBXResourcesBuildPhase section */

/* Begin PBXShellScriptBuildPhase section */
		390D42314EE3D237CFE6C72D /* [CP] Check Pods Manifest.lock */ = {
			isa = PBXShellScriptBuildPhase;
			buildActionMask = 2147483647;
			files = (
			);
			inputPaths = (
			);
			name = "[CP] Check Pods Manifest.lock";
			outputPaths = (
			);
			runOnlyForDeploymentPostprocessing = 0;
			shellPath = /bin/sh;
			shellScript = "diff \"${PODS_ROOT}/../Podfile.lock\" \"${PODS_ROOT}/Manifest.lock\" > /dev/null\nif [[ $? != 0 ]] ; then\n    cat << EOM\nerror: The sandbox is not in sync with the Podfile.lock. Run 'pod install' or update your CocoaPods installation.\nEOM\n    exit 1\nfi\n";
			showEnvVarsInLog = 0;
		};
		8C00381CDD1428D9B9B68270 /* [CP] Copy Pods Resources */ = {
			isa = PBXShellScriptBuildPhase;
			buildActionMask = 2147483647;
			files = (
			);
			inputPaths = (
			);
			name = "[CP] Copy Pods Resources";
			outputPaths = (
			);
			runOnlyForDeploymentPostprocessing = 0;
			shellPath = /bin/sh;
			shellScript = "\"${SRCROOT}/Pods/Target Support Files/Pods-Lopp/Pods-Lopp-resources.sh\"\n";
			showEnvVarsInLog = 0;
		};
		D8A83B2C1D1DDC52BC90B9E0 /* [CP] Embed Pods Frameworks */ = {
			isa = PBXShellScriptBuildPhase;
			buildActionMask = 2147483647;
			files = (
			);
			inputPaths = (
			);
			name = "[CP] Embed Pods Frameworks";
			outputPaths = (
			);
			runOnlyForDeploymentPostprocessing = 0;
			shellPath = /bin/sh;
			shellScript = "\"${SRCROOT}/Pods/Target Support Files/Pods-Lopp/Pods-Lopp-frameworks.sh\"\n";
			showEnvVarsInLog = 0;
		};
/* End PBXShellScriptBuildPhase section */

/* Begin PBXSourcesBuildPhase section */
		2C9F75F51D1C848C00BB1CF1 /* Sources */ = {
			isa = PBXSourcesBuildPhase;
			buildActionMask = 2147483647;
			files = (
				2CC728431D1E3D5100496C3D /* LocationViewController.swift in Sources */,
				2CC728391D1DD41A00496C3D /* LoginViewController.swift in Sources */,
				2C695FC71D1F5E150033277D /* searchResults.swift in Sources */,
				2C9F75FF1D1C848D00BB1CF1 /* ViewController.swift in Sources */,
				2CC7283B1D1DD43100496C3D /* ChatViewController.swift in Sources */,
				2C9F75FD1D1C848D00BB1CF1 /* AppDelegate.swift in Sources */,
			);
			runOnlyForDeploymentPostprocessing = 0;
		};
/* End PBXSourcesBuildPhase section */

/* Begin PBXVariantGroup section */
		2C9F76001D1C848D00BB1CF1 /* Main.storyboard */ = {
			isa = PBXVariantGroup;
			children = (
				2C9F76011D1C848D00BB1CF1 /* Base */,
			);
			name = Main.storyboard;
			sourceTree = "<group>";
		};
		2C9F76051D1C848D00BB1CF1 /* LaunchScreen.storyboard */ = {
			isa = PBXVariantGroup;
			children = (
				2C9F76061D1C848D00BB1CF1 /* Base */,
			);
			name = LaunchScreen.storyboard;
			sourceTree = "<group>";
		};
/* End PBXVariantGroup section */

/* Begin XCBuildConfiguration section */
		2C9F76091D1C848D00BB1CF1 /* Debug */ = {
			isa = XCBuildConfiguration;
			buildSettings = {
				ALWAYS_SEARCH_USER_PATHS = NO;
				CLANG_ANALYZER_NONNULL = YES;
				CLANG_CXX_LANGUAGE_STANDARD = "gnu++0x";
				CLANG_CXX_LIBRARY = "libc++";
				CLANG_ENABLE_MODULES = YES;
				CLANG_ENABLE_OBJC_ARC = YES;
				CLANG_WARN_BOOL_CONVERSION = YES;
				CLANG_WARN_CONSTANT_CONVERSION = YES;
				CLANG_WARN_DIRECT_OBJC_ISA_USAGE = YES_ERROR;
				CLANG_WARN_EMPTY_BODY = YES;
				CLANG_WARN_ENUM_CONVERSION = YES;
				CLANG_WARN_INT_CONVERSION = YES;
				CLANG_WARN_OBJC_ROOT_CLASS = YES_ERROR;
				CLANG_WARN_UNREACHABLE_CODE = YES;
				CLANG_WARN__DUPLICATE_METHOD_MATCH = YES;
				"CODE_SIGN_IDENTITY[sdk=iphoneos*]" = "iPhone Developer";
				COPY_PHASE_STRIP = NO;
				DEBUG_INFORMATION_FORMAT = dwarf;
				ENABLE_STRICT_OBJC_MSGSEND = YES;
				ENABLE_TESTABILITY = YES;
				GCC_C_LANGUAGE_STANDARD = gnu99;
				GCC_DYNAMIC_NO_PIC = NO;
				GCC_NO_COMMON_BLOCKS = YES;
				GCC_OPTIMIZATION_LEVEL = 0;
				GCC_PREPROCESSOR_DEFINITIONS = (
					"DEBUG=1",
					"$(inherited)",
				);
				GCC_WARN_64_TO_32_BIT_CONVERSION = YES;
				GCC_WARN_ABOUT_RETURN_TYPE = YES_ERROR;
				GCC_WARN_UNDECLARED_SELECTOR = YES;
				GCC_WARN_UNINITIALIZED_AUTOS = YES_AGGRESSIVE;
				GCC_WARN_UNUSED_FUNCTION = YES;
				GCC_WARN_UNUSED_VARIABLE = YES;
				IPHONEOS_DEPLOYMENT_TARGET = 9.3;
				MTL_ENABLE_DEBUG_INFO = YES;
				ONLY_ACTIVE_ARCH = YES;
				SDKROOT = iphoneos;
				SWIFT_OPTIMIZATION_LEVEL = "-Onone";
				TARGETED_DEVICE_FAMILY = "1,2";
			};
			name = Debug;
		};
		2C9F760A1D1C848D00BB1CF1 /* Release */ = {
			isa = XCBuildConfiguration;
			buildSettings = {
				ALWAYS_SEARCH_USER_PATHS = NO;
				CLANG_ANALYZER_NONNULL = YES;
				CLANG_CXX_LANGUAGE_STANDARD = "gnu++0x";
				CLANG_CXX_LIBRARY = "libc++";
				CLANG_ENABLE_MODULES = YES;
				CLANG_ENABLE_OBJC_ARC = YES;
				CLANG_WARN_BOOL_CONVERSION = YES;
				CLANG_WARN_CONSTANT_CONVERSION = YES;
				CLANG_WARN_DIRECT_OBJC_ISA_USAGE = YES_ERROR;
				CLANG_WARN_EMPTY_BODY = YES;
				CLANG_WARN_ENUM_CONVERSION = YES;
				CLANG_WARN_INT_CONVERSION = YES;
				CLANG_WARN_OBJC_ROOT_CLASS = YES_ERROR;
				CLANG_WARN_UNREACHABLE_CODE = YES;
				CLANG_WARN__DUPLICATE_METHOD_MATCH = YES;
				"CODE_SIGN_IDENTITY[sdk=iphoneos*]" = "iPhone Developer";
				COPY_PHASE_STRIP = NO;
				DEBUG_INFORMATION_FORMAT = "dwarf-with-dsym";
				ENABLE_NS_ASSERTIONS = NO;
				ENABLE_STRICT_OBJC_MSGSEND = YES;
				GCC_C_LANGUAGE_STANDARD = gnu99;
				GCC_NO_COMMON_BLOCKS = YES;
				GCC_WARN_64_TO_32_BIT_CONVERSION = YES;
				GCC_WARN_ABOUT_RETURN_TYPE = YES_ERROR;
				GCC_WARN_UNDECLARED_SELECTOR = YES;
				GCC_WARN_UNINITIALIZED_AUTOS = YES_AGGRESSIVE;
				GCC_WARN_UNUSED_FUNCTION = YES;
				GCC_WARN_UNUSED_VARIABLE = YES;
				IPHONEOS_DEPLOYMENT_TARGET = 9.3;
				MTL_ENABLE_DEBUG_INFO = NO;
				SDKROOT = iphoneos;
				TARGETED_DEVICE_FAMILY = "1,2";
				VALIDATE_PRODUCT = YES;
			};
			name = Release;
		};
		2C9F760C1D1C848D00BB1CF1 /* Debug */ = {
			isa = XCBuildConfiguration;
			baseConfigurationReference = 807874ACECF3FFFFCCB3DA20 /* Pods-Lopp.debug.xcconfig */;
			buildSettings = {
				ASSETCATALOG_COMPILER_APPICON_NAME = AppIcon;
				INFOPLIST_FILE = Lopp/Info.plist;
				LD_RUNPATH_SEARCH_PATHS = "$(inherited) @executable_path/Frameworks";
				PRODUCT_BUNDLE_IDENTIFIER = Lanka.Lopp;
				PRODUCT_NAME = "$(TARGET_NAME)";
			};
			name = Debug;
		};
		2C9F760D1D1C848D00BB1CF1 /* Release */ = {
			isa = XCBuildConfiguration;
			baseConfigurationReference = ED1833AB411FDCF842ECEFD5 /* Pods-Lopp.release.xcconfig */;
			buildSettings = {
				ASSETCATALOG_COMPILER_APPICON_NAME = AppIcon;
				INFOPLIST_FILE = Lopp/Info.plist;
				LD_RUNPATH_SEARCH_PATHS = "$(inherited) @executable_path/Frameworks";
				PRODUCT_BUNDLE_IDENTIFIER = Lanka.Lopp;
				PRODUCT_NAME = "$(TARGET_NAME)";
			};
			name = Release;
		};
/* End XCBuildConfiguration section */

/* Begin XCConfigurationList section */
		2C9F75F41D1C848C00BB1CF1 /* Build configuration list for PBXProject "Lopp" */ = {
			isa = XCConfigurationList;
			buildConfigurations = (
				2C9F76091D1C848D00BB1CF1 /* Debug */,
				2C9F760A1D1C848D00BB1CF1 /* Release */,
			);
			defaultConfigurationIsVisible = 0;
			defaultConfigurationName = Release;
		};
		2C9F760B1D1C848D00BB1CF1 /* Build configuration list for PBXNativeTarget "Lopp" */ = {
			isa = XCConfigurationList;
			buildConfigurations = (
				2C9F760C1D1C848D00BB1CF1 /* Debug */,
				2C9F760D1D1C848D00BB1CF1 /* Release */,
			);
			defaultConfigurationIsVisible = 0;
			defaultConfigurationName = Release;
		};
/* End XCConfigurationList section */
	};
	rootObject = 2C9F75F11D1C848C00BB1CF1 /* Project object */;
}
