// !$*UTF8*$!
{
	archiveVersion = 1;
	classes = {
	};
	objectVersion = 46;
	objects = {

/* Begin PBXBuildFile section */
		2C88DBA61CE44E1B005EBC58 /* AppDelegate.swift in Sources */ = {isa = PBXBuildFile; fileRef = 2C88DBA51CE44E1B005EBC58 /* AppDelegate.swift */; };
		2C88DBA81CE44E1B005EBC58 /* ViewController.swift in Sources */ = {isa = PBXBuildFile; fileRef = 2C88DBA71CE44E1B005EBC58 /* ViewController.swift */; };
		2C88DBAB1CE44E1B005EBC58 /* Main.storyboard in Resources */ = {isa = PBXBuildFile; fileRef = 2C88DBA91CE44E1B005EBC58 /* Main.storyboard */; };
		2C88DBAD1CE44E1B005EBC58 /* Assets.xcassets in Resources */ = {isa = PBXBuildFile; fileRef = 2C88DBAC1CE44E1B005EBC58 /* Assets.xcassets */; };
		2C88DBB01CE44E1B005EBC58 /* LaunchScreen.storyboard in Resources */ = {isa = PBXBuildFile; fileRef = 2C88DBAE1CE44E1B005EBC58 /* LaunchScreen.storyboard */; };
		2C88DBBB1CE44E1C005EBC58 /* firstTests.swift in Sources */ = {isa = PBXBuildFile; fileRef = 2C88DBBA1CE44E1C005EBC58 /* firstTests.swift */; };
		2C88DBC61CE44E1C005EBC58 /* firstUITests.swift in Sources */ = {isa = PBXBuildFile; fileRef = 2C88DBC51CE44E1C005EBC58 /* firstUITests.swift */; };
/* End PBXBuildFile section */

/* Begin PBXContainerItemProxy section */
		2C88DBB71CE44E1C005EBC58 /* PBXContainerItemProxy */ = {
			isa = PBXContainerItemProxy;
			containerPortal = 2C88DB9A1CE44E1A005EBC58 /* Project object */;
			proxyType = 1;
			remoteGlobalIDString = 2C88DBA11CE44E1A005EBC58;
			remoteInfo = first;
		};
		2C88DBC21CE44E1C005EBC58 /* PBXContainerItemProxy */ = {
			isa = PBXContainerItemProxy;
			containerPortal = 2C88DB9A1CE44E1A005EBC58 /* Project object */;
			proxyType = 1;
			remoteGlobalIDString = 2C88DBA11CE44E1A005EBC58;
			remoteInfo = first;
		};
/* End PBXContainerItemProxy section */

/* Begin PBXFileReference section */
		2C88DBA21CE44E1B005EBC58 /* first.app */ = {isa = PBXFileReference; explicitFileType = wrapper.application; includeInIndex = 0; path = first.app; sourceTree = BUILT_PRODUCTS_DIR; };
		2C88DBA51CE44E1B005EBC58 /* AppDelegate.swift */ = {isa = PBXFileReference; lastKnownFileType = sourcecode.swift; path = AppDelegate.swift; sourceTree = "<group>"; };
		2C88DBA71CE44E1B005EBC58 /* ViewController.swift */ = {isa = PBXFileReference; lastKnownFileType = sourcecode.swift; path = ViewController.swift; sourceTree = "<group>"; };
		2C88DBAA1CE44E1B005EBC58 /* Base */ = {isa = PBXFileReference; lastKnownFileType = file.storyboard; name = Base; path = Base.lproj/Main.storyboard; sourceTree = "<group>"; };
		2C88DBAC1CE44E1B005EBC58 /* Assets.xcassets */ = {isa = PBXFileReference; lastKnownFileType = folder.assetcatalog; path = Assets.xcassets; sourceTree = "<group>"; };
		2C88DBAF1CE44E1B005EBC58 /* Base */ = {isa = PBXFileReference; lastKnownFileType = file.storyboard; name = Base; path = Base.lproj/LaunchScreen.storyboard; sourceTree = "<group>"; };
		2C88DBB11CE44E1C005EBC58 /* Info.plist */ = {isa = PBXFileReference; lastKnownFileType = text.plist.xml; path = Info.plist; sourceTree = "<group>"; };
		2C88DBB61CE44E1C005EBC58 /* firstTests.xctest */ = {isa = PBXFileReference; explicitFileType = wrapper.cfbundle; includeInIndex = 0; path = firstTests.xctest; sourceTree = BUILT_PRODUCTS_DIR; };
		2C88DBBA1CE44E1C005EBC58 /* firstTests.swift */ = {isa = PBXFileReference; lastKnownFileType = sourcecode.swift; path = firstTests.swift; sourceTree = "<group>"; };
		2C88DBBC1CE44E1C005EBC58 /* Info.plist */ = {isa = PBXFileReference; lastKnownFileType = text.plist.xml; path = Info.plist; sourceTree = "<group>"; };
		2C88DBC11CE44E1C005EBC58 /* firstUITests.xctest */ = {isa = PBXFileReference; explicitFileType = wrapper.cfbundle; includeInIndex = 0; path = firstUITests.xctest; sourceTree = BUILT_PRODUCTS_DIR; };
		2C88DBC51CE44E1C005EBC58 /* firstUITests.swift */ = {isa = PBXFileReference; lastKnownFileType = sourcecode.swift; path = firstUITests.swift; sourceTree = "<group>"; };
		2C88DBC71CE44E1C005EBC58 /* Info.plist */ = {isa = PBXFileReference; lastKnownFileType = text.plist.xml; path = Info.plist; sourceTree = "<group>"; };
/* End PBXFileReference section */

/* Begin PBXFrameworksBuildPhase section */
		2C88DB9F1CE44E1A005EBC58 /* Frameworks */ = {
			isa = PBXFrameworksBuildPhase;
			buildActionMask = 2147483647;
			files = (
			);
			runOnlyForDeploymentPostprocessing = 0;
		};
		2C88DBB31CE44E1C005EBC58 /* Frameworks */ = {
			isa = PBXFrameworksBuildPhase;
			buildActionMask = 2147483647;
			files = (
			);
			runOnlyForDeploymentPostprocessing = 0;
		};
		2C88DBBE1CE44E1C005EBC58 /* Frameworks */ = {
			isa = PBXFrameworksBuildPhase;
			buildActionMask = 2147483647;
			files = (
			);
			runOnlyForDeploymentPostprocessing = 0;
		};
/* End PBXFrameworksBuildPhase section */

/* Begin PBXGroup section */
		2C88DB991CE44E19005EBC58 = {
			isa = PBXGroup;
			children = (
				2C88DBA41CE44E1B005EBC58 /* first */,
				2C88DBB91CE44E1C005EBC58 /* firstTests */,
				2C88DBC41CE44E1C005EBC58 /* firstUITests */,
				2C88DBA31CE44E1B005EBC58 /* Products */,
			);
			sourceTree = "<group>";
		};
		2C88DBA31CE44E1B005EBC58 /* Products */ = {
			isa = PBXGroup;
			children = (
				2C88DBA21CE44E1B005EBC58 /* first.app */,
				2C88DBB61CE44E1C005EBC58 /* firstTests.xctest */,
				2C88DBC11CE44E1C005EBC58 /* firstUITests.xctest */,
			);
			name = Products;
			sourceTree = "<group>";
		};
		2C88DBA41CE44E1B005EBC58 /* first */ = {
			isa = PBXGroup;
			children = (
				2C88DBA51CE44E1B005EBC58 /* AppDelegate.swift */,
				2C88DBA71CE44E1B005EBC58 /* ViewController.swift */,
				2C88DBA91CE44E1B005EBC58 /* Main.storyboard */,
				2C88DBAC1CE44E1B005EBC58 /* Assets.xcassets */,
				2C88DBAE1CE44E1B005EBC58 /* LaunchScreen.storyboard */,
				2C88DBB11CE44E1C005EBC58 /* Info.plist */,
			);
			path = first;
			sourceTree = "<group>";
		};
		2C88DBB91CE44E1C005EBC58 /* firstTests */ = {
			isa = PBXGroup;
			children = (
				2C88DBBA1CE44E1C005EBC58 /* firstTests.swift */,
				2C88DBBC1CE44E1C005EBC58 /* Info.plist */,
			);
			path = firstTests;
			sourceTree = "<group>";
		};
		2C88DBC41CE44E1C005EBC58 /* firstUITests */ = {
			isa = PBXGroup;
			children = (
				2C88DBC51CE44E1C005EBC58 /* firstUITests.swift */,
				2C88DBC71CE44E1C005EBC58 /* Info.plist */,
			);
			path = firstUITests;
			sourceTree = "<group>";
		};
/* End PBXGroup section */

/* Begin PBXNativeTarget section */
		2C88DBA11CE44E1A005EBC58 /* first */ = {
			isa = PBXNativeTarget;
			buildConfigurationList = 2C88DBCA1CE44E1C005EBC58 /* Build configuration list for PBXNativeTarget "first" */;
			buildPhases = (
				2C88DB9E1CE44E1A005EBC58 /* Sources */,
				2C88DB9F1CE44E1A005EBC58 /* Frameworks */,
				2C88DBA01CE44E1A005EBC58 /* Resources */,
			);
			buildRules = (
			);
			dependencies = (
			);
			name = first;
			productName = first;
			productReference = 2C88DBA21CE44E1B005EBC58 /* first.app */;
			productType = "com.apple.product-type.application";
		};
		2C88DBB51CE44E1C005EBC58 /* firstTests */ = {
			isa = PBXNativeTarget;
			buildConfigurationList = 2C88DBCD1CE44E1C005EBC58 /* Build configuration list for PBXNativeTarget "firstTests" */;
			buildPhases = (
				2C88DBB21CE44E1C005EBC58 /* Sources */,
				2C88DBB31CE44E1C005EBC58 /* Frameworks */,
				2C88DBB41CE44E1C005EBC58 /* Resources */,
			);
			buildRules = (
			);
			dependencies = (
				2C88DBB81CE44E1C005EBC58 /* PBXTargetDependency */,
			);
			name = firstTests;
			productName = firstTests;
			productReference = 2C88DBB61CE44E1C005EBC58 /* firstTests.xctest */;
			productType = "com.apple.product-type.bundle.unit-test";
		};
		2C88DBC01CE44E1C005EBC58 /* firstUITests */ = {
			isa = PBXNativeTarget;
			buildConfigurationList = 2C88DBD01CE44E1C005EBC58 /* Build configuration list for PBXNativeTarget "firstUITests" */;
			buildPhases = (
				2C88DBBD1CE44E1C005EBC58 /* Sources */,
				2C88DBBE1CE44E1C005EBC58 /* Frameworks */,
				2C88DBBF1CE44E1C005EBC58 /* Resources */,
			);
			buildRules = (
			);
			dependencies = (
				2C88DBC31CE44E1C005EBC58 /* PBXTargetDependency */,
			);
			name = firstUITests;
			productName = firstUITests;
			productReference = 2C88DBC11CE44E1C005EBC58 /* firstUITests.xctest */;
			productType = "com.apple.product-type.bundle.ui-testing";
		};
/* End PBXNativeTarget section */

/* Begin PBXProject section */
		2C88DB9A1CE44E1A005EBC58 /* Project object */ = {
			isa = PBXProject;
			attributes = {
				LastSwiftUpdateCheck = 0730;
				LastUpgradeCheck = 0730;
				ORGANIZATIONNAME = Lanka;
				TargetAttributes = {
					2C88DBA11CE44E1A005EBC58 = {
						CreatedOnToolsVersion = 7.3.1;
						DevelopmentTeam = 4LPDSVH865;
					};
					2C88DBB51CE44E1C005EBC58 = {
						CreatedOnToolsVersion = 7.3.1;
						TestTargetID = 2C88DBA11CE44E1A005EBC58;
					};
					2C88DBC01CE44E1C005EBC58 = {
						CreatedOnToolsVersion = 7.3.1;
						TestTargetID = 2C88DBA11CE44E1A005EBC58;
					};
				};
			};
			buildConfigurationList = 2C88DB9D1CE44E1A005EBC58 /* Build configuration list for PBXProject "first" */;
			compatibilityVersion = "Xcode 3.2";
			developmentRegion = English;
			hasScannedForEncodings = 0;
			knownRegions = (
				en,
				Base,
			);
			mainGroup = 2C88DB991CE44E19005EBC58;
			productRefGroup = 2C88DBA31CE44E1B005EBC58 /* Products */;
			projectDirPath = "";
			projectRoot = "";
			targets = (
				2C88DBA11CE44E1A005EBC58 /* first */,
				2C88DBB51CE44E1C005EBC58 /* firstTests */,
				2C88DBC01CE44E1C005EBC58 /* firstUITests */,
			);
		};
/* End PBXProject section */

/* Begin PBXResourcesBuildPhase section */
		2C88DBA01CE44E1A005EBC58 /* Resources */ = {
			isa = PBXResourcesBuildPhase;
			buildActionMask = 2147483647;
			files = (
				2C88DBB01CE44E1B005EBC58 /* LaunchScreen.storyboard in Resources */,
				2C88DBAD1CE44E1B005EBC58 /* Assets.xcassets in Resources */,
				2C88DBAB1CE44E1B005EBC58 /* Main.storyboard in Resources */,
			);
			runOnlyForDeploymentPostprocessing = 0;
		};
		2C88DBB41CE44E1C005EBC58 /* Resources */ = {
			isa = PBXResourcesBuildPhase;
			buildActionMask = 2147483647;
			files = (
			);
			runOnlyForDeploymentPostprocessing = 0;
		};
		2C88DBBF1CE44E1C005EBC58 /* Resources */ = {
			isa = PBXResourcesBuildPhase;
			buildActionMask = 2147483647;
			files = (
			);
			runOnlyForDeploymentPostprocessing = 0;
		};
/* End PBXResourcesBuildPhase section */

/* Begin PBXSourcesBuildPhase section */
		2C88DB9E1CE44E1A005EBC58 /* Sources */ = {
			isa = PBXSourcesBuildPhase;
			buildActionMask = 2147483647;
			files = (
				2C88DBA81CE44E1B005EBC58 /* ViewController.swift in Sources */,
				2C88DBA61CE44E1B005EBC58 /* AppDelegate.swift in Sources */,
			);
			runOnlyForDeploymentPostprocessing = 0;
		};
		2C88DBB21CE44E1C005EBC58 /* Sources */ = {
			isa = PBXSourcesBuildPhase;
			buildActionMask = 2147483647;
			files = (
				2C88DBBB1CE44E1C005EBC58 /* firstTests.swift in Sources */,
			);
			runOnlyForDeploymentPostprocessing = 0;
		};
		2C88DBBD1CE44E1C005EBC58 /* Sources */ = {
			isa = PBXSourcesBuildPhase;
			buildActionMask = 2147483647;
			files = (
				2C88DBC61CE44E1C005EBC58 /* firstUITests.swift in Sources */,
			);
			runOnlyForDeploymentPostprocessing = 0;
		};
/* End PBXSourcesBuildPhase section */

/* Begin PBXTargetDependency section */
		2C88DBB81CE44E1C005EBC58 /* PBXTargetDependency */ = {
			isa = PBXTargetDependency;
			target = 2C88DBA11CE44E1A005EBC58 /* first */;
			targetProxy = 2C88DBB71CE44E1C005EBC58 /* PBXContainerItemProxy */;
		};
		2C88DBC31CE44E1C005EBC58 /* PBXTargetDependency */ = {
			isa = PBXTargetDependency;
			target = 2C88DBA11CE44E1A005EBC58 /* first */;
			targetProxy = 2C88DBC21CE44E1C005EBC58 /* PBXContainerItemProxy */;
		};
/* End PBXTargetDependency section */

/* Begin PBXVariantGroup section */
		2C88DBA91CE44E1B005EBC58 /* Main.storyboard */ = {
			isa = PBXVariantGroup;
			children = (
				2C88DBAA1CE44E1B005EBC58 /* Base */,
			);
			name = Main.storyboard;
			sourceTree = "<group>";
		};
		2C88DBAE1CE44E1B005EBC58 /* LaunchScreen.storyboard */ = {
			isa = PBXVariantGroup;
			children = (
				2C88DBAF1CE44E1B005EBC58 /* Base */,
			);
			name = LaunchScreen.storyboard;
			sourceTree = "<group>";
		};
/* End PBXVariantGroup section */

/* Begin XCBuildConfiguration section */
		2C88DBC81CE44E1C005EBC58 /* Debug */ = {
			isa = XCBuildConfiguration;
			buildSettings = {
				ALWAYS_SEARCH_USER_PATHS = NO;
				CLANG_ANALYZER_NONNULL = YES;
				CLANG_CXX_LANGUAGE_STANDARD = "gnu++0x";
				CLANG_CXX_LIBRARY = "libc++";
				CLANG_ENABLE_MODULES = YES;
				CLANG_ENABLE_OBJC_ARC = YES;
				CLANG_WARN_BOOL_CONVERSION = YES;
				CLANG_WARN_CONSTANT_CONVERSION = YES;
				CLANG_WARN_DIRECT_OBJC_ISA_USAGE = YES_ERROR;
				CLANG_WARN_EMPTY_BODY = YES;
				CLANG_WARN_ENUM_CONVERSION = YES;
				CLANG_WARN_INT_CONVERSION = YES;
				CLANG_WARN_OBJC_ROOT_CLASS = YES_ERROR;
				CLANG_WARN_UNREACHABLE_CODE = YES;
				CLANG_WARN__DUPLICATE_METHOD_MATCH = YES;
				"CODE_SIGN_IDENTITY[sdk=iphoneos*]" = "iPhone Developer";
				COPY_PHASE_STRIP = NO;
				DEBUG_INFORMATION_FORMAT = dwarf;
				ENABLE_STRICT_OBJC_MSGSEND = YES;
				ENABLE_TESTABILITY = YES;
				GCC_C_LANGUAGE_STANDARD = gnu99;
				GCC_DYNAMIC_NO_PIC = NO;
				GCC_NO_COMMON_BLOCKS = YES;
				GCC_OPTIMIZATION_LEVEL = 0;
				GCC_PREPROCESSOR_DEFINITIONS = (
					"DEBUG=1",
					"$(inherited)",
				);
				GCC_WARN_64_TO_32_BIT_CONVERSION = YES;
				GCC_WARN_ABOUT_RETURN_TYPE = YES_ERROR;
				GCC_WARN_UNDECLARED_SELECTOR = YES;
				GCC_WARN_UNINITIALIZED_AUTOS = YES_AGGRESSIVE;
				GCC_WARN_UNUSED_FUNCTION = YES;
				GCC_WARN_UNUSED_VARIABLE = YES;
				IPHONEOS_DEPLOYMENT_TARGET = 9.3;
				MTL_ENABLE_DEBUG_INFO = YES;
				ONLY_ACTIVE_ARCH = YES;
				SDKROOT = iphoneos;
				SWIFT_OPTIMIZATION_LEVEL = "-Onone";
			};
			name = Debug;
		};
		2C88DBC91CE44E1C005EBC58 /* Release */ = {
			isa = XCBuildConfiguration;
			buildSettings = {
				ALWAYS_SEARCH_USER_PATHS = NO;
				CLANG_ANALYZER_NONNULL = YES;
				CLANG_CXX_LANGUAGE_STANDARD = "gnu++0x";
				CLANG_CXX_LIBRARY = "libc++";
				CLANG_ENABLE_MODULES = YES;
				CLANG_ENABLE_OBJC_ARC = YES;
				CLANG_WARN_BOOL_CONVERSION = YES;
				CLANG_WARN_CONSTANT_CONVERSION = YES;
				CLANG_WARN_DIRECT_OBJC_ISA_USAGE = YES_ERROR;
				CLANG_WARN_EMPTY_BODY = YES;
				CLANG_WARN_ENUM_CONVERSION = YES;
				CLANG_WARN_INT_CONVERSION = YES;
				CLANG_WARN_OBJC_ROOT_CLASS = YES_ERROR;
				CLANG_WARN_UNREACHABLE_CODE = YES;
				CLANG_WARN__DUPLICATE_METHOD_MATCH = YES;
				"CODE_SIGN_IDENTITY[sdk=iphoneos*]" = "iPhone Developer";
				COPY_PHASE_STRIP = NO;
				DEBUG_INFORMATION_FORMAT = "dwarf-with-dsym";
				ENABLE_NS_ASSERTIONS = NO;
				ENABLE_STRICT_OBJC_MSGSEND = YES;
				GCC_C_LANGUAGE_STANDARD = gnu99;
				GCC_NO_COMMON_BLOCKS = YES;
				GCC_WARN_64_TO_32_BIT_CONVERSION = YES;
				GCC_WARN_ABOUT_RETURN_TYPE = YES_ERROR;
				GCC_WARN_UNDECLARED_SELECTOR = YES;
				GCC_WARN_UNINITIALIZED_AUTOS = YES_AGGRESSIVE;
				GCC_WARN_UNUSED_FUNCTION = YES;
				GCC_WARN_UNUSED_VARIABLE = YES;
				IPHONEOS_DEPLOYMENT_TARGET = 9.3;
				MTL_ENABLE_DEBUG_INFO = NO;
				SDKROOT = iphoneos;
				VALIDATE_PRODUCT = YES;
			};
			name = Release;
		};
		2C88DBCB1CE44E1C005EBC58 /* Debug */ = {
			isa = XCBuildConfiguration;
			buildSettings = {
				ASSETCATALOG_COMPILER_APPICON_NAME = AppIcon;
				CODE_SIGN_IDENTITY = "iPhone Developer";
				"CODE_SIGN_IDENTITY[sdk=iphoneos*]" = "iPhone Developer";
				INFOPLIST_FILE = first/Info.plist;
				LD_RUNPATH_SEARCH_PATHS = "$(inherited) @executable_path/Frameworks";
				PRODUCT_BUNDLE_IDENTIFIER = MTU.first;
				PRODUCT_NAME = "$(TARGET_NAME)";
				PROVISIONING_PROFILE = "";
			};
			name = Debug;
		};
		2C88DBCC1CE44E1C005EBC58 /* Release */ = {
			isa = XCBuildConfiguration;
			buildSettings = {
				ASSETCATALOG_COMPILER_APPICON_NAME = AppIcon;
				CODE_SIGN_IDENTITY = "iPhone Developer";
				"CODE_SIGN_IDENTITY[sdk=iphoneos*]" = "iPhone Developer";
				INFOPLIST_FILE = first/Info.plist;
				LD_RUNPATH_SEARCH_PATHS = "$(inherited) @executable_path/Frameworks";
				PRODUCT_BUNDLE_IDENTIFIER = MTU.first;
				PRODUCT_NAME = "$(TARGET_NAME)";
				PROVISIONING_PROFILE = "";
			};
			name = Release;
		};
		2C88DBCE1CE44E1C005EBC58 /* Debug */ = {
			isa = XCBuildConfiguration;
			buildSettings = {
				BUNDLE_LOADER = "$(TEST_HOST)";
				INFOPLIST_FILE = firstTests/Info.plist;
				LD_RUNPATH_SEARCH_PATHS = "$(inherited) @executable_path/Frameworks @loader_path/Frameworks";
				PRODUCT_BUNDLE_IDENTIFIER = MTU.firstTests;
				PRODUCT_NAME = "$(TARGET_NAME)";
				TEST_HOST = "$(BUILT_PRODUCTS_DIR)/first.app/first";
			};
			name = Debug;
		};
		2C88DBCF1CE44E1C005EBC58 /* Release */ = {
			isa = XCBuildConfiguration;
			buildSettings = {
				BUNDLE_LOADER = "$(TEST_HOST)";
				INFOPLIST_FILE = firstTests/Info.plist;
				LD_RUNPATH_SEARCH_PATHS = "$(inherited) @executable_path/Frameworks @loader_path/Frameworks";
				PRODUCT_BUNDLE_IDENTIFIER = MTU.firstTests;
				PRODUCT_NAME = "$(TARGET_NAME)";
				TEST_HOST = "$(BUILT_PRODUCTS_DIR)/first.app/first";
			};
			name = Release;
		};
		2C88DBD11CE44E1C005EBC58 /* Debug */ = {
			isa = XCBuildConfiguration;
			buildSettings = {
				INFOPLIST_FILE = firstUITests/Info.plist;
				LD_RUNPATH_SEARCH_PATHS = "$(inherited) @executable_path/Frameworks @loader_path/Frameworks";
				PRODUCT_BUNDLE_IDENTIFIER = MTU.firstUITests;
				PRODUCT_NAME = "$(TARGET_NAME)";
				TEST_TARGET_NAME = first;
			};
			name = Debug;
		};
		2C88DBD21CE44E1C005EBC58 /* Release */ = {
			isa = XCBuildConfiguration;
			buildSettings = {
				INFOPLIST_FILE = firstUITests/Info.plist;
				LD_RUNPATH_SEARCH_PATHS = "$(inherited) @executable_path/Frameworks @loader_path/Frameworks";
				PRODUCT_BUNDLE_IDENTIFIER = MTU.firstUITests;
				PRODUCT_NAME = "$(TARGET_NAME)";
				TEST_TARGET_NAME = first;
			};
			name = Release;
		};
/* End XCBuildConfiguration section */

/* Begin XCConfigurationList section */
		2C88DB9D1CE44E1A005EBC58 /* Build configuration list for PBXProject "first" */ = {
			isa = XCConfigurationList;
			buildConfigurations = (
				2C88DBC81CE44E1C005EBC58 /* Debug */,
				2C88DBC91CE44E1C005EBC58 /* Release */,
			);
			defaultConfigurationIsVisible = 0;
			defaultConfigurationName = Release;
		};
		2C88DBCA1CE44E1C005EBC58 /* Build configuration list for PBXNativeTarget "first" */ = {
			isa = XCConfigurationList;
			buildConfigurations = (
				2C88DBCB1CE44E1C005EBC58 /* Debug */,
				2C88DBCC1CE44E1C005EBC58 /* Release */,
			);
			defaultConfigurationIsVisible = 0;
			defaultConfigurationName = Release;
		};
		2C88DBCD1CE44E1C005EBC58 /* Build configuration list for PBXNativeTarget "firstTests" */ = {
			isa = XCConfigurationList;
			buildConfigurations = (
				2C88DBCE1CE44E1C005EBC58 /* Debug */,
				2C88DBCF1CE44E1C005EBC58 /* Release */,
			);
			defaultConfigurationIsVisible = 0;
			defaultConfigurationName = Release;
		};
		2C88DBD01CE44E1C005EBC58 /* Build configuration list for PBXNativeTarget "firstUITests" */ = {
			isa = XCConfigurationList;
			buildConfigurations = (
				2C88DBD11CE44E1C005EBC58 /* Debug */,
				2C88DBD21CE44E1C005EBC58 /* Release */,
			);
			defaultConfigurationIsVisible = 0;
			defaultConfigurationName = Release;
		};
/* End XCConfigurationList section */
	};
	rootObject = 2C88DB9A1CE44E1A005EBC58 /* Project object */;
}
